
Microsoft Visual Studio Solution File, Format Version 12.00
# Visual Studio Version 16
VisualStudioVersion = 16.0.29021.104
MinimumVisualStudioVersion = 10.0.40219.1
Project("{FAE04EC0-301F-11D3-BF4B-00C04F79EFBC}") = "SQAT.UnitTesting", "SQAT.UnitTesting\SQAT.UnitTesting.csproj", "{A386000A-A483-4999-8E2F-2E324BA61726}"
EndProject
Project("{FAE04EC0-301F-11D3-BF4B-00C04F79EFBC}") = "DLLibs", "DLLibs\DLLibs.csproj", "{CEC29959-5730-43A2-948D-89B7618905BC}"
EndProject
Project("{FAE04EC0-301F-11D3-BF4B-00C04F79EFBC}") = "SQAT.Tests", "SQAT.Tests\SQAT.Tests.csproj", "{8C52539B-A252-4323-BE1E-5B217D0B1FDE}"
EndProject
Project("{FAE04EC0-301F-11D3-BF4B-00C04F79EFBC}") = "SQAT.XP", "SQAT.XP\SQAT.XP.csproj", "{5E7B024C-E1D0-4902-B1D5-33DD96005C56}"
EndProject
Global
	GlobalSection(SolutionConfigurationPlatforms) = preSolution
		Debug|Any CPU = Debug|Any CPU
		Release|Any CPU = Release|Any CPU
	EndGlobalSection
	GlobalSection(ProjectConfigurationPlatforms) = postSolution
		{A386000A-A483-4999-8E2F-2E324BA61726}.Debug|Any CPU.ActiveCfg = Debug|Any CPU
		{A386000A-A483-4999-8E2F-2E324BA61726}.Debug|Any CPU.Build.0 = Debug|Any CPU
		{A386000A-A483-4999-8E2F-2E324BA61726}.Release|Any CPU.ActiveCfg = Release|Any CPU
		{A386000A-A483-4999-8E2F-2E324BA61726}.Release|Any CPU.Build.0 = Release|Any CPU
		{CEC29959-5730-43A2-948D-89B7618905BC}.Debug|Any CPU.ActiveCfg = Debug|Any CPU
		{CEC29959-5730-43A2-948D-89B7618905BC}.Debug|Any CPU.Build.0 = Debug|Any CPU
		{CEC29959-5730-43A2-948D-89B7618905BC}.Release|Any CPU.ActiveCfg = Release|Any CPU
		{CEC29959-5730-43A2-948D-89B7618905BC}.Release|Any CPU.Build.0 = Release|Any CPU
		{8C52539B-A252-4323-BE1E-5B217D0B1FDE}.Debug|Any CPU.ActiveCfg = Debug|Any CPU
		{8C52539B-A252-4323-BE1E-5B217D0B1FDE}.Debug|Any CPU.Build.0 = Debug|Any CPU
		{8C52539B-A252-4323-BE1E-5B217D0B1FDE}.Release|Any CPU.ActiveCfg = Release|Any CPU
		{8C52539B-A252-4323-BE1E-5B217D0B1FDE}.Release|Any CPU.Build.0 = Release|Any CPU
		{5E7B024C-E1D0-4902-B1D5-33DD96005C56}.Debug|Any CPU.ActiveCfg = Debug|Any CPU
		{5E7B024C-E1D0-4902-B1D5-33DD96005C56}.Debug|Any CPU.Build.0 = Debug|Any CPU
		{5E7B024C-E1D0-4902-B1D5-33DD96005C56}.Release|Any CPU.ActiveCfg = Release|Any CPU
		{5E7B024C-E1D0-4902-B1D5-33DD96005C56}.Release|Any CPU.Build.0 = Release|Any CPU
	EndGlobalSection
	GlobalSection(SolutionProperties) = preSolution
		HideSolutionNode = FALSE
	EndGlobalSection
	GlobalSection(ExtensibilityGlobals) = postSolution
		SolutionGuid = {68505B7A-B2AC-4141-A16F-2A1BEC68B9BA}
	EndGlobalSection
EndGlobal
